
Microsoft Visual Studio Solution File, Format Version 11.00
# Visual Studio 2010
Project("{FAE04EC0-301F-11D3-BF4B-00C04F79EFBC}") = "HackerSharp", "HackerSharp\HackerSharp.csproj", "{1464261B-618E-46C7-ABF4-35ACD2B182FC}"
EndProject
Project("{FAE04EC0-301F-11D3-BF4B-00C04F79EFBC}") = "HackerTest", "HackerTest\HackerTest.csproj", "{1BB421BB-D257-4AC7-BB25-5221A2C633E9}"
EndProject
Global
	GlobalSection(SolutionConfigurationPlatforms) = preSolution
		Debug|Any CPU = Debug|Any CPU
		Release|Any CPU = Release|Any CPU
	EndGlobalSection
	GlobalSection(ProjectConfigurationPlatforms) = postSolution
		{1464261B-618E-46C7-ABF4-35ACD2B182FC}.Debug|Any CPU.ActiveCfg = Debug|Any CPU
		{1464261B-618E-46C7-ABF4-35ACD2B182FC}.Debug|Any CPU.Build.0 = Debug|Any CPU
		{1464261B-618E-46C7-ABF4-35ACD2B182FC}.Release|Any CPU.ActiveCfg = Release|Any CPU
		{1464261B-618E-46C7-ABF4-35ACD2B182FC}.Release|Any CPU.Build.0 = Release|Any CPU
		{1BB421BB-D257-4AC7-BB25-5221A2C633E9}.Debug|Any CPU.ActiveCfg = Debug|Any CPU
		{1BB421BB-D257-4AC7-BB25-5221A2C633E9}.Debug|Any CPU.Build.0 = Debug|Any CPU
		{1BB421BB-D257-4AC7-BB25-5221A2C633E9}.Release|Any CPU.ActiveCfg = Release|Any CPU
		{1BB421BB-D257-4AC7-BB25-5221A2C633E9}.Release|Any CPU.Build.0 = Release|Any CPU
	EndGlobalSection
	GlobalSection(MonoDevelopProperties) = preSolution
		StartupItem = HackerSharp\HackerSharp.csproj
	EndGlobalSection
EndGlobal
