
Microsoft Visual Studio Solution File, Format Version 12.00
# Visual Studio 2012
Project("{FAE04EC0-301F-11D3-BF4B-00C04F79EFBC}") = "HackerSharp", "HackerSharp\HackerSharp.csproj", "{1464261B-618E-46C7-ABF4-35ACD2B182FC}"
EndProject
Project("{FAE04EC0-301F-11D3-BF4B-00C04F79EFBC}") = "HackerTests", "HackerTests\HackerTests.csproj", "{460F5F71-2C8A-44F4-948A-C4F473E419E2}"
EndProject
Global
	GlobalSection(SolutionConfigurationPlatforms) = preSolution
		Debug|Any CPU = Debug|Any CPU
		Release|Any CPU = Release|Any CPU
	EndGlobalSection
	GlobalSection(ProjectConfigurationPlatforms) = postSolution
		{1464261B-618E-46C7-ABF4-35ACD2B182FC}.Debug|Any CPU.ActiveCfg = Debug|Any CPU
		{1464261B-618E-46C7-ABF4-35ACD2B182FC}.Debug|Any CPU.Build.0 = Debug|Any CPU
		{1464261B-618E-46C7-ABF4-35ACD2B182FC}.Release|Any CPU.ActiveCfg = Release|Any CPU
		{1464261B-618E-46C7-ABF4-35ACD2B182FC}.Release|Any CPU.Build.0 = Release|Any CPU
		{460F5F71-2C8A-44F4-948A-C4F473E419E2}.Debug|Any CPU.ActiveCfg = Debug|Any CPU
		{460F5F71-2C8A-44F4-948A-C4F473E419E2}.Debug|Any CPU.Build.0 = Debug|Any CPU
		{460F5F71-2C8A-44F4-948A-C4F473E419E2}.Release|Any CPU.ActiveCfg = Release|Any CPU
		{460F5F71-2C8A-44F4-948A-C4F473E419E2}.Release|Any CPU.Build.0 = Release|Any CPU
	EndGlobalSection
	GlobalSection(MonoDevelopProperties) = preSolution
		StartupItem = HackerSharp\HackerSharp.csproj
	EndGlobalSection
	GlobalSection(SolutionProperties) = preSolution
		HideSolutionNode = FALSE
	EndGlobalSection
EndGlobal
